// !$*UTF8*$!
{
	archiveVersion = 1;
	classes = {
	};
	objectVersion = 56;
	objects = {

/* Begin PBXBuildFile section */
		04317D052B051BAA0034DABA /* NetworkManager.swift in Sources */ = {isa = PBXBuildFile; fileRef = 04317D042B051BAA0034DABA /* NetworkManager.swift */; };
		04C80C1B2AFFE2E5001B6290 /* Assets.xcassets in Resources */ = {isa = PBXBuildFile; fileRef = 04C80C1A2AFFE2E5001B6290 /* Assets.xcassets */; };
		04C80C3A2AFFE335001B6290 /* MainItemViewCell.swift in Sources */ = {isa = PBXBuildFile; fileRef = 04C80C262AFFE334001B6290 /* MainItemViewCell.swift */; };
		04C80C3B2AFFE335001B6290 /* LaunchScreen.storyboard in Resources */ = {isa = PBXBuildFile; fileRef = 04C80C282AFFE335001B6290 /* LaunchScreen.storyboard */; };
		04C80C3C2AFFE335001B6290 /* Main.storyboard in Resources */ = {isa = PBXBuildFile; fileRef = 04C80C2A2AFFE335001B6290 /* Main.storyboard */; };
		04C80C3E2AFFE335001B6290 /* Models.swift in Sources */ = {isa = PBXBuildFile; fileRef = 04C80C2E2AFFE335001B6290 /* Models.swift */; };
		04C80C3F2AFFE335001B6290 /* DataService.swift in Sources */ = {isa = PBXBuildFile; fileRef = 04C80C302AFFE335001B6290 /* DataService.swift */; };
		04C80C432AFFE335001B6290 /* AppDelegate.swift in Sources */ = {isa = PBXBuildFile; fileRef = 04C80C352AFFE335001B6290 /* AppDelegate.swift */; };
		04C80C442AFFE335001B6290 /* SceneDelegate.swift in Sources */ = {isa = PBXBuildFile; fileRef = 04C80C362AFFE335001B6290 /* SceneDelegate.swift */; };
		04C80C452AFFE335001B6290 /* MainViewController.swift in Sources */ = {isa = PBXBuildFile; fileRef = 04C80C392AFFE335001B6290 /* MainViewController.swift */; };
/* End PBXBuildFile section */

/* Begin PBXFileReference section */
		04317D042B051BAA0034DABA /* NetworkManager.swift */ = {isa = PBXFileReference; lastKnownFileType = sourcecode.swift; path = NetworkManager.swift; sourceTree = "<group>"; };
		04C80C0E2AFFE2E3001B6290 /* HW-3.2-DY-New.app */ = {isa = PBXFileReference; explicitFileType = wrapper.application; includeInIndex = 0; path = "HW-3.2-DY-New.app"; sourceTree = BUILT_PRODUCTS_DIR; };
		04C80C1A2AFFE2E5001B6290 /* Assets.xcassets */ = {isa = PBXFileReference; lastKnownFileType = folder.assetcatalog; path = Assets.xcassets; sourceTree = "<group>"; };
		04C80C1F2AFFE2E5001B6290 /* Info.plist */ = {isa = PBXFileReference; lastKnownFileType = text.plist.xml; path = Info.plist; sourceTree = "<group>"; };
		04C80C262AFFE334001B6290 /* MainItemViewCell.swift */ = {isa = PBXFileReference; fileEncoding = 4; lastKnownFileType = sourcecode.swift; path = MainItemViewCell.swift; sourceTree = "<group>"; };
		04C80C292AFFE335001B6290 /* Base */ = {isa = PBXFileReference; lastKnownFileType = file.storyboard; name = Base; path = Base.lproj/LaunchScreen.storyboard; sourceTree = "<group>"; };
		04C80C2B2AFFE335001B6290 /* Base */ = {isa = PBXFileReference; lastKnownFileType = file.storyboard; name = Base; path = Base.lproj/Main.storyboard; sourceTree = "<group>"; };
		04C80C2E2AFFE335001B6290 /* Models.swift */ = {isa = PBXFileReference; fileEncoding = 4; lastKnownFileType = sourcecode.swift; path = Models.swift; sourceTree = "<group>"; };
		04C80C302AFFE335001B6290 /* DataService.swift */ = {isa = PBXFileReference; fileEncoding = 4; lastKnownFileType = sourcecode.swift; path = DataService.swift; sourceTree = "<group>"; };
		04C80C352AFFE335001B6290 /* AppDelegate.swift */ = {isa = PBXFileReference; fileEncoding = 4; lastKnownFileType = sourcecode.swift; path = AppDelegate.swift; sourceTree = "<group>"; };
		04C80C362AFFE335001B6290 /* SceneDelegate.swift */ = {isa = PBXFileReference; fileEncoding = 4; lastKnownFileType = sourcecode.swift; path = SceneDelegate.swift; sourceTree = "<group>"; };
		04C80C392AFFE335001B6290 /* MainViewController.swift */ = {isa = PBXFileReference; fileEncoding = 4; lastKnownFileType = sourcecode.swift; path = MainViewController.swift; sourceTree = "<group>"; };
/* End PBXFileReference section */

/* Begin PBXFrameworksBuildPhase section */
		04C80C0B2AFFE2E3001B6290 /* Frameworks */ = {
			isa = PBXFrameworksBuildPhase;
			buildActionMask = 2147483647;
			files = (
			);
			runOnlyForDeploymentPostprocessing = 0;
		};
/* End PBXFrameworksBuildPhase section */

/* Begin PBXGroup section */
		04C80C052AFFE2E3001B6290 = {
			isa = PBXGroup;
			children = (
				04C80C102AFFE2E3001B6290 /* HW-3.2-DY-New */,
				04C80C0F2AFFE2E3001B6290 /* Products */,
			);
			sourceTree = "<group>";
		};
		04C80C0F2AFFE2E3001B6290 /* Products */ = {
			isa = PBXGroup;
			children = (
				04C80C0E2AFFE2E3001B6290 /* HW-3.2-DY-New.app */,
			);
			name = Products;
			sourceTree = "<group>";
		};
		04C80C102AFFE2E3001B6290 /* HW-3.2-DY-New */ = {
			isa = PBXGroup;
			children = (
				04C80C342AFFE335001B6290 /* App */,
				04C80C2D2AFFE335001B6290 /* Models */,
				04C80C372AFFE335001B6290 /* Resources */,
				04C80C2F2AFFE335001B6290 /* Services */,
				04C80C272AFFE335001B6290 /* Storyboards */,
				04C80C382AFFE335001B6290 /* ViewControllers */,
				04C80C252AFFE334001B6290 /* Views */,
			);
			path = "HW-3.2-DY-New";
			sourceTree = "<group>";
		};
		04C80C252AFFE334001B6290 /* Views */ = {
			isa = PBXGroup;
			children = (
				04C80C262AFFE334001B6290 /* MainItemViewCell.swift */,
			);
			path = Views;
			sourceTree = "<group>";
		};
		04C80C272AFFE335001B6290 /* Storyboards */ = {
			isa = PBXGroup;
			children = (
				04C80C282AFFE335001B6290 /* LaunchScreen.storyboard */,
				04C80C2A2AFFE335001B6290 /* Main.storyboard */,
			);
			path = Storyboards;
			sourceTree = "<group>";
		};
		04C80C2D2AFFE335001B6290 /* Models */ = {
			isa = PBXGroup;
			children = (
				04C80C2E2AFFE335001B6290 /* Models.swift */,
			);
			path = Models;
			sourceTree = "<group>";
		};
		04C80C2F2AFFE335001B6290 /* Services */ = {
			isa = PBXGroup;
			children = (
				04C80C302AFFE335001B6290 /* DataService.swift */,
				04317D042B051BAA0034DABA /* NetworkManager.swift */,
			);
			path = Services;
			sourceTree = "<group>";
		};
		04C80C342AFFE335001B6290 /* App */ = {
			isa = PBXGroup;
			children = (
				04C80C1F2AFFE2E5001B6290 /* Info.plist */,
				04C80C352AFFE335001B6290 /* AppDelegate.swift */,
				04C80C362AFFE335001B6290 /* SceneDelegate.swift */,
			);
			path = App;
			sourceTree = "<group>";
		};
		04C80C372AFFE335001B6290 /* Resources */ = {
			isa = PBXGroup;
			children = (
				04C80C1A2AFFE2E5001B6290 /* Assets.xcassets */,
			);
			path = Resources;
			sourceTree = "<group>";
		};
		04C80C382AFFE335001B6290 /* ViewControllers */ = {
			isa = PBXGroup;
			children = (
				04C80C392AFFE335001B6290 /* MainViewController.swift */,
			);
			path = ViewControllers;
			sourceTree = "<group>";
		};
/* End PBXGroup section */

/* Begin PBXNativeTarget section */
		04C80C0D2AFFE2E3001B6290 /* HW-3.2-DY-New */ = {
			isa = PBXNativeTarget;
			buildConfigurationList = 04C80C222AFFE2E5001B6290 /* Build configuration list for PBXNativeTarget "HW-3.2-DY-New" */;
			buildPhases = (
				04C80C0A2AFFE2E3001B6290 /* Sources */,
				04C80C0B2AFFE2E3001B6290 /* Frameworks */,
				04C80C0C2AFFE2E3001B6290 /* Resources */,
			);
			buildRules = (
			);
			dependencies = (
			);
			name = "HW-3.2-DY-New";
			productName = "HW-3.2-DY-New";
			productReference = 04C80C0E2AFFE2E3001B6290 /* HW-3.2-DY-New.app */;
			productType = "com.apple.product-type.application";
		};
/* End PBXNativeTarget section */

/* Begin PBXProject section */
		04C80C062AFFE2E3001B6290 /* Project object */ = {
			isa = PBXProject;
			attributes = {
				BuildIndependentTargetsInParallel = 1;
				LastSwiftUpdateCheck = 1500;
				LastUpgradeCheck = 1500;
				TargetAttributes = {
					04C80C0D2AFFE2E3001B6290 = {
						CreatedOnToolsVersion = 15.0.1;
						LastSwiftMigration = 1500;
					};
				};
			};
			buildConfigurationList = 04C80C092AFFE2E3001B6290 /* Build configuration list for PBXProject "HW-3.2-DY-New" */;
			compatibilityVersion = "Xcode 14.0";
			developmentRegion = en;
			hasScannedForEncodings = 0;
			knownRegions = (
				en,
				Base,
			);
			mainGroup = 04C80C052AFFE2E3001B6290;
			productRefGroup = 04C80C0F2AFFE2E3001B6290 /* Products */;
			projectDirPath = "";
			projectRoot = "";
			targets = (
				04C80C0D2AFFE2E3001B6290 /* HW-3.2-DY-New */,
			);
		};
/* End PBXProject section */

/* Begin PBXResourcesBuildPhase section */
		04C80C0C2AFFE2E3001B6290 /* Resources */ = {
			isa = PBXResourcesBuildPhase;
			buildActionMask = 2147483647;
			files = (
				04C80C3C2AFFE335001B6290 /* Main.storyboard in Resources */,
				04C80C1B2AFFE2E5001B6290 /* Assets.xcassets in Resources */,
				04C80C3B2AFFE335001B6290 /* LaunchScreen.storyboard in Resources */,
			);
			runOnlyForDeploymentPostprocessing = 0;
		};
/* End PBXResourcesBuildPhase section */

/* Begin PBXSourcesBuildPhase section */
		04C80C0A2AFFE2E3001B6290 /* Sources */ = {
			isa = PBXSourcesBuildPhase;
			buildActionMask = 2147483647;
			files = (
				04C80C432AFFE335001B6290 /* AppDelegate.swift in Sources */,
				04C80C3E2AFFE335001B6290 /* Models.swift in Sources */,
				04C80C442AFFE335001B6290 /* SceneDelegate.swift in Sources */,
				04317D052B051BAA0034DABA /* NetworkManager.swift in Sources */,
				04C80C3A2AFFE335001B6290 /* MainItemViewCell.swift in Sources */,
				04C80C3F2AFFE335001B6290 /* DataService.swift in Sources */,
				04C80C452AFFE335001B6290 /* MainViewController.swift in Sources */,
			);
			runOnlyForDeploymentPostprocessing = 0;
		};
/* End PBXSourcesBuildPhase section */

/* Begin PBXVariantGroup section */
		04C80C282AFFE335001B6290 /* LaunchScreen.storyboard */ = {
			isa = PBXVariantGroup;
			children = (
				04C80C292AFFE335001B6290 /* Base */,
			);
			name = LaunchScreen.storyboard;
			sourceTree = "<group>";
		};
		04C80C2A2AFFE335001B6290 /* Main.storyboard */ = {
			isa = PBXVariantGroup;
			children = (
				04C80C2B2AFFE335001B6290 /* Base */,
			);
			name = Main.storyboard;
			sourceTree = "<group>";
		};
/* End PBXVariantGroup section */

/* Begin XCBuildConfiguration section */
		04C80C202AFFE2E5001B6290 /* Debug */ = {
			isa = XCBuildConfiguration;
			buildSettings = {
				ALWAYS_SEARCH_USER_PATHS = NO;
				ASSETCATALOG_COMPILER_GENERATE_SWIFT_ASSET_SYMBOL_EXTENSIONS = YES;
				CLANG_ANALYZER_NONNULL = YES;
				CLANG_ANALYZER_NUMBER_OBJECT_CONVERSION = YES_AGGRESSIVE;
				CLANG_CXX_LANGUAGE_STANDARD = "gnu++20";
				CLANG_ENABLE_MODULES = YES;
				CLANG_ENABLE_OBJC_ARC = YES;
				CLANG_ENABLE_OBJC_WEAK = YES;
				CLANG_WARN_BLOCK_CAPTURE_AUTORELEASING = YES;
				CLANG_WARN_BOOL_CONVERSION = YES;
				CLANG_WARN_COMMA = YES;
				CLANG_WARN_CONSTANT_CONVERSION = YES;
				CLANG_WARN_DEPRECATED_OBJC_IMPLEMENTATIONS = YES;
				CLANG_WARN_DIRECT_OBJC_ISA_USAGE = YES_ERROR;
				CLANG_WARN_DOCUMENTATION_COMMENTS = YES;
				CLANG_WARN_EMPTY_BODY = YES;
				CLANG_WARN_ENUM_CONVERSION = YES;
				CLANG_WARN_INFINITE_RECURSION = YES;
				CLANG_WARN_INT_CONVERSION = YES;
				CLANG_WARN_NON_LITERAL_NULL_CONVERSION = YES;
				CLANG_WARN_OBJC_IMPLICIT_RETAIN_SELF = YES;
				CLANG_WARN_OBJC_LITERAL_CONVERSION = YES;
				CLANG_WARN_OBJC_ROOT_CLASS = YES_ERROR;
				CLANG_WARN_QUOTED_INCLUDE_IN_FRAMEWORK_HEADER = YES;
				CLANG_WARN_RANGE_LOOP_ANALYSIS = YES;
				CLANG_WARN_STRICT_PROTOTYPES = YES;
				CLANG_WARN_SUSPICIOUS_MOVE = YES;
				CLANG_WARN_UNGUARDED_AVAILABILITY = YES_AGGRESSIVE;
				CLANG_WARN_UNREACHABLE_CODE = YES;
				CLANG_WARN__DUPLICATE_METHOD_MATCH = YES;
				COPY_PHASE_STRIP = NO;
				DEBUG_INFORMATION_FORMAT = dwarf;
				ENABLE_STRICT_OBJC_MSGSEND = YES;
				ENABLE_TESTABILITY = YES;
				ENABLE_USER_SCRIPT_SANDBOXING = YES;
				GCC_C_LANGUAGE_STANDARD = gnu17;
				GCC_DYNAMIC_NO_PIC = NO;
				GCC_NO_COMMON_BLOCKS = YES;
				GCC_OPTIMIZATION_LEVEL = 0;
				GCC_PREPROCESSOR_DEFINITIONS = (
					"DEBUG=1",
					"$(inherited)",
				);
				GCC_WARN_64_TO_32_BIT_CONVERSION = YES;
				GCC_WARN_ABOUT_RETURN_TYPE = YES_ERROR;
				GCC_WARN_UNDECLARED_SELECTOR = YES;
				GCC_WARN_UNINITIALIZED_AUTOS = YES_AGGRESSIVE;
				GCC_WARN_UNUSED_FUNCTION = YES;
				GCC_WARN_UNUSED_VARIABLE = YES;
				IPHONEOS_DEPLOYMENT_TARGET = 17.0;
				LOCALIZATION_PREFERS_STRING_CATALOGS = YES;
				MTL_ENABLE_DEBUG_INFO = INCLUDE_SOURCE;
				MTL_FAST_MATH = YES;
				ONLY_ACTIVE_ARCH = YES;
				SDKROOT = iphoneos;
				SWIFT_ACTIVE_COMPILATION_CONDITIONS = "DEBUG $(inherited)";
				SWIFT_OPTIMIZATION_LEVEL = "-Onone";
			};
			name = Debug;
		};
		04C80C212AFFE2E5001B6290 /* Release */ = {
			isa = XCBuildConfiguration;
			buildSettings = {
				ALWAYS_SEARCH_USER_PATHS = NO;
				ASSETCATALOG_COMPILER_GENERATE_SWIFT_ASSET_SYMBOL_EXTENSIONS = YES;
				CLANG_ANALYZER_NONNULL = YES;
				CLANG_ANALYZER_NUMBER_OBJECT_CONVERSION = YES_AGGRESSIVE;
				CLANG_CXX_LANGUAGE_STANDARD = "gnu++20";
				CLANG_ENABLE_MODULES = YES;
				CLANG_ENABLE_OBJC_ARC = YES;
				CLANG_ENABLE_OBJC_WEAK = YES;
				CLANG_WARN_BLOCK_CAPTURE_AUTORELEASING = YES;
				CLANG_WARN_BOOL_CONVERSION = YES;
				CLANG_WARN_COMMA = YES;
				CLANG_WARN_CONSTANT_CONVERSION = YES;
				CLANG_WARN_DEPRECATED_OBJC_IMPLEMENTATIONS = YES;
				CLANG_WARN_DIRECT_OBJC_ISA_USAGE = YES_ERROR;
				CLANG_WARN_DOCUMENTATION_COMMENTS = YES;
				CLANG_WARN_EMPTY_BODY = YES;
				CLANG_WARN_ENUM_CONVERSION = YES;
				CLANG_WARN_INFINITE_RECURSION = YES;
				CLANG_WARN_INT_CONVERSION = YES;
				CLANG_WARN_NON_LITERAL_NULL_CONVERSION = YES;
				CLANG_WARN_OBJC_IMPLICIT_RETAIN_SELF = YES;
				CLANG_WARN_OBJC_LITERAL_CONVERSION = YES;
				CLANG_WARN_OBJC_ROOT_CLASS = YES_ERROR;
				CLANG_WARN_QUOTED_INCLUDE_IN_FRAMEWORK_HEADER = YES;
				CLANG_WARN_RANGE_LOOP_ANALYSIS = YES;
				CLANG_WARN_STRICT_PROTOTYPES = YES;
				CLANG_WARN_SUSPICIOUS_MOVE = YES;
				CLANG_WARN_UNGUARDED_AVAILABILITY = YES_AGGRESSIVE;
				CLANG_WARN_UNREACHABLE_CODE = YES;
				CLANG_WARN__DUPLICATE_METHOD_MATCH = YES;
				COPY_PHASE_STRIP = NO;
				DEBUG_INFORMATION_FORMAT = "dwarf-with-dsym";
				ENABLE_NS_ASSERTIONS = NO;
				ENABLE_STRICT_OBJC_MSGSEND = YES;
				ENABLE_USER_SCRIPT_SANDBOXING = YES;
				GCC_C_LANGUAGE_STANDARD = gnu17;
				GCC_NO_COMMON_BLOCKS = YES;
				GCC_WARN_64_TO_32_BIT_CONVERSION = YES;
				GCC_WARN_ABOUT_RETURN_TYPE = YES_ERROR;
				GCC_WARN_UNDECLARED_SELECTOR = YES;
				GCC_WARN_UNINITIALIZED_AUTOS = YES_AGGRESSIVE;
				GCC_WARN_UNUSED_FUNCTION = YES;
				GCC_WARN_UNUSED_VARIABLE = YES;
				IPHONEOS_DEPLOYMENT_TARGET = 17.0;
				LOCALIZATION_PREFERS_STRING_CATALOGS = YES;
				MTL_ENABLE_DEBUG_INFO = NO;
				MTL_FAST_MATH = YES;
				SDKROOT = iphoneos;
				SWIFT_COMPILATION_MODE = wholemodule;
				VALIDATE_PRODUCT = YES;
			};
			name = Release;
		};
		04C80C232AFFE2E5001B6290 /* Debug */ = {
			isa = XCBuildConfiguration;
			buildSettings = {
				ASSETCATALOG_COMPILER_APPICON_NAME = AppIcon;
				ASSETCATALOG_COMPILER_GLOBAL_ACCENT_COLOR_NAME = AccentColor;
				CLANG_ENABLE_MODULES = YES;
				CODE_SIGN_STYLE = Automatic;
				CURRENT_PROJECT_VERSION = 1;
				DEVELOPMENT_TEAM = VDM65QNNS4;
				GENERATE_INFOPLIST_FILE = YES;
				INFOPLIST_FILE = "HW-3.2-DY-New/App/Info.plist";
				INFOPLIST_KEY_UIApplicationSupportsIndirectInputEvents = YES;
				INFOPLIST_KEY_UILaunchStoryboardName = LaunchScreen;
				INFOPLIST_KEY_UIMainStoryboardFile = Main;
				INFOPLIST_KEY_UISupportedInterfaceOrientations_iPad = "UIInterfaceOrientationPortrait UIInterfaceOrientationPortraitUpsideDown UIInterfaceOrientationLandscapeLeft UIInterfaceOrientationLandscapeRight";
				INFOPLIST_KEY_UISupportedInterfaceOrientations_iPhone = "UIInterfaceOrientationPortrait UIInterfaceOrientationLandscapeLeft UIInterfaceOrientationLandscapeRight";
				LD_RUNPATH_SEARCH_PATHS = (
					"$(inherited)",
					"@executable_path/Frameworks",
				);
				MARKETING_VERSION = 1.0;
				PRODUCT_BUNDLE_IDENTIFIER = "com.Denis-Yarets.HW-3-2-DY-New";
				PRODUCT_NAME = "$(TARGET_NAME)";
				SWIFT_EMIT_LOC_STRINGS = YES;
				SWIFT_OPTIMIZATION_LEVEL = "-Onone";
				SWIFT_VERSION = 5.0;
				TARGETED_DEVICE_FAMILY = "1,2";
			};
			name = Debug;
		};
		04C80C242AFFE2E5001B6290 /* Release */ = {
			isa = XCBuildConfiguration;
			buildSettings = {
				ASSETCATALOG_COMPILER_APPICON_NAME = AppIcon;
				ASSETCATALOG_COMPILER_GLOBAL_ACCENT_COLOR_NAME = AccentColor;
				CLANG_ENABLE_MODULES = YES;
				CODE_SIGN_STYLE = Automatic;
				CURRENT_PROJECT_VERSION = 1;
				DEVELOPMENT_TEAM = VDM65QNNS4;
				GENERATE_INFOPLIST_FILE = YES;
				INFOPLIST_FILE = "HW-3.2-DY-New/App/Info.plist";
				INFOPLIST_KEY_UIApplicationSupportsIndirectInputEvents = YES;
				INFOPLIST_KEY_UILaunchStoryboardName = LaunchScreen;
				INFOPLIST_KEY_UIMainStoryboardFile = Main;
				INFOPLIST_KEY_UISupportedInterfaceOrientations_iPad = "UIInterfaceOrientationPortrait UIInterfaceOrientationPortraitUpsideDown UIInterfaceOrientationLandscapeLeft UIInterfaceOrientationLandscapeRight";
				INFOPLIST_KEY_UISupportedInterfaceOrientations_iPhone = "UIInterfaceOrientationPortrait UIInterfaceOrientationLandscapeLeft UIInterfaceOrientationLandscapeRight";
				LD_RUNPATH_SEARCH_PATHS = (
					"$(inherited)",
					"@executable_path/Frameworks",
				);
				MARKETING_VERSION = 1.0;
				PRODUCT_BUNDLE_IDENTIFIER = "com.Denis-Yarets.HW-3-2-DY-New";
				PRODUCT_NAME = "$(TARGET_NAME)";
				SWIFT_EMIT_LOC_STRINGS = YES;
				SWIFT_VERSION = 5.0;
				TARGETED_DEVICE_FAMILY = "1,2";
			};
			name = Release;
		};
/* End XCBuildConfiguration section */

/* Begin XCConfigurationList section */
		04C80C092AFFE2E3001B6290 /* Build configuration list for PBXProject "HW-3.2-DY-New" */ = {
			isa = XCConfigurationList;
			buildConfigurations = (
				04C80C202AFFE2E5001B6290 /* Debug */,
				04C80C212AFFE2E5001B6290 /* Release */,
			);
			defaultConfigurationIsVisible = 0;
			defaultConfigurationName = Release;
		};
		04C80C222AFFE2E5001B6290 /* Build configuration list for PBXNativeTarget "HW-3.2-DY-New" */ = {
			isa = XCConfigurationList;
			buildConfigurations = (
				04C80C232AFFE2E5001B6290 /* Debug */,
				04C80C242AFFE2E5001B6290 /* Release */,
			);
			defaultConfigurationIsVisible = 0;
			defaultConfigurationName = Release;
		};
/* End XCConfigurationList section */
	};
	rootObject = 04C80C062AFFE2E3001B6290 /* Project object */;
}
